
Microsoft Visual Studio Solution File, Format Version 12.00
# Visual Studio Version 17
VisualStudioVersion = 17.4.33205.214
MinimumVisualStudioVersion = 10.0.40219.1
Project("{FAE04EC0-301F-11D3-BF4B-00C04F79EFBC}") = "ADVA", "ADVA\ADVA.csproj", "{F4128430-C5AC-4E03-8AC3-35AF2BD05198}"
EndProject
Global
	GlobalSection(SolutionConfigurationPlatforms) = preSolution
		Debug|Any CPU = Debug|Any CPU
		Release|Any CPU = Release|Any CPU
	EndGlobalSection
	GlobalSection(ProjectConfigurationPlatforms) = postSolution
		{F4128430-C5AC-4E03-8AC3-35AF2BD05198}.Debug|Any CPU.ActiveCfg = Debug|Any CPU
		{F4128430-C5AC-4E03-8AC3-35AF2BD05198}.Debug|Any CPU.Build.0 = Debug|Any CPU
		{F4128430-C5AC-4E03-8AC3-35AF2BD05198}.Release|Any CPU.ActiveCfg = Release|Any CPU
		{F4128430-C5AC-4E03-8AC3-35AF2BD05198}.Release|Any CPU.Build.0 = Release|Any CPU
	EndGlobalSection
	GlobalSection(SolutionProperties) = preSolution
		HideSolutionNode = FALSE
	EndGlobalSection
	GlobalSection(ExtensibilityGlobals) = postSolution
		SolutionGuid = {069B36A4-A702-4944-9911-454D03D20E0C}
	EndGlobalSection
EndGlobal
